{
  "name": "algos",
  "version": "1.0.0",
  "lockfileVersion": 2,
  "requires": true,
  "packages": {
    "": {
      "name": "algos",
      "version": "1.0.0",
      "license": "ISC",
      "dependencies": {
        "@datastructures-js/priority-queue": "^6.0.0",
        "collections": "^5.1.13"
      },
      "devDependencies": {
        "@types/node": "^17.0.23"
      }
    },
    "node_modules/@datastructures-js/heap": {
      "version": "4.0.2",
      "resolved": "https://registry.npmjs.org/@datastructures-js/heap/-/heap-4.0.2.tgz",
      "integrity": "sha512-QU51CpDbn/Ctfv9/RbIeOXZ5jH9S/SWllIRmdUNCEYjwTeop1wlmkA4r0/ecVSdjE0yuyvmXI7ea1QKqKNGimg=="
    },
    "node_modules/@datastructures-js/priority-queue": {
      "version": "6.0.0",
      "resolved": "https://registry.npmjs.org/@datastructures-js/priority-queue/-/priority-queue-6.0.0.tgz",
      "integrity": "sha512-YrqU+iUjbFNtLmgs3aTjcvuqC9wyJxhc6tcbQiDiiq3ZyEdfbl2vyLOW+SY+ogrc90ld8L1vE+4LpFCdlZAhjw==",
      "dependencies": {
        "@datastructures-js/heap": "^4.0.2"
      }
    },
    "node_modules/@types/node": {
      "version": "17.0.23",
      "resolved": "https://registry.npmjs.org/@types/node/-/node-17.0.23.tgz",
      "integrity": "sha512-UxDxWn7dl97rKVeVS61vErvw086aCYhDLyvRQZ5Rk65rZKepaFdm53GeqXaKBuOhED4e9uWq34IC3TdSdJJ2Gw==",
      "dev": true
    },
    "node_modules/collections": {
      "version": "5.1.13",
      "resolved": "https://registry.npmjs.org/collections/-/collections-5.1.13.tgz",
      "integrity": "sha512-SCb6Qd+d3Z02corWQ7/mqXiXeeTdHvkP6TeFSYfGYdCFp1WrjSNZ3j6y8Y3T/7osGEe0iOcU2g1d346l99m4Lg==",
      "dependencies": {
        "weak-map": "~1.0.x"
      }
    },
    "node_modules/weak-map": {
      "version": "1.0.8",
      "resolved": "https://registry.npmjs.org/weak-map/-/weak-map-1.0.8.tgz",
      "integrity": "sha512-lNR9aAefbGPpHO7AEnY0hCFjz1eTkWCXYvkTRrTHs9qv8zJp+SkVYpzfLIFXQQiG3tVvbNFQgVg2bQS8YGgxyw=="
    }
  },
  "dependencies": {
    "@datastructures-js/heap": {
      "version": "4.0.2",
      "resolved": "https://registry.npmjs.org/@datastructures-js/heap/-/heap-4.0.2.tgz",
      "integrity": "sha512-QU51CpDbn/Ctfv9/RbIeOXZ5jH9S/SWllIRmdUNCEYjwTeop1wlmkA4r0/ecVSdjE0yuyvmXI7ea1QKqKNGimg=="
    },
    "@datastructures-js/priority-queue": {
      "version": "6.0.0",
      "resolved": "https://registry.npmjs.org/@datastructures-js/priority-queue/-/priority-queue-6.0.0.tgz",
      "integrity": "sha512-YrqU+iUjbFNtLmgs3aTjcvuqC9wyJxhc6tcbQiDiiq3ZyEdfbl2vyLOW+SY+ogrc90ld8L1vE+4LpFCdlZAhjw==",
      "requires": {
        "@datastructures-js/heap": "^4.0.2"
      }
    },
    "@types/node": {
      "version": "17.0.23",
      "resolved": "https://registry.npmjs.org/@types/node/-/node-17.0.23.tgz",
      "integrity": "sha512-UxDxWn7dl97rKVeVS61vErvw086aCYhDLyvRQZ5Rk65rZKepaFdm53GeqXaKBuOhED4e9uWq34IC3TdSdJJ2Gw==",
      "dev": true
    },
    "collections": {
      "version": "5.1.13",
      "resolved": "https://registry.npmjs.org/collections/-/collections-5.1.13.tgz",
      "integrity": "sha512-SCb6Qd+d3Z02corWQ7/mqXiXeeTdHvkP6TeFSYfGYdCFp1WrjSNZ3j6y8Y3T/7osGEe0iOcU2g1d346l99m4Lg==",
      "requires": {
        "weak-map": "~1.0.x"
      }
    },
    "weak-map": {
      "version": "1.0.8",
      "resolved": "https://registry.npmjs.org/weak-map/-/weak-map-1.0.8.tgz",
      "integrity": "sha512-lNR9aAefbGPpHO7AEnY0hCFjz1eTkWCXYvkTRrTHs9qv8zJp+SkVYpzfLIFXQQiG3tVvbNFQgVg2bQS8YGgxyw=="
    }
  }
}
